// !$*UTF8*$!
{
	archiveVersion = 1;
	classes = {
	};
	objectVersion = 56;
	objects = {

/* Begin PBXBuildFile section */
		C013A2142BFB708800C71FB9 /* ArbuzAppApp.swift in Sources */ = {isa = PBXBuildFile; fileRef = C013A2132BFB708800C71FB9 /* ArbuzAppApp.swift */; };
		C013A2182BFB708900C71FB9 /* Assets.xcassets in Resources */ = {isa = PBXBuildFile; fileRef = C013A2172BFB708900C71FB9 /* Assets.xcassets */; };
		C013A21B2BFB708900C71FB9 /* Preview Assets.xcassets in Resources */ = {isa = PBXBuildFile; fileRef = C013A21A2BFB708900C71FB9 /* Preview Assets.xcassets */; };
		C013A2252BFB718A00C71FB9 /* Product.swift in Sources */ = {isa = PBXBuildFile; fileRef = C013A2242BFB718A00C71FB9 /* Product.swift */; };
		C013A2272BFB71AC00C71FB9 /* CartItem.swift in Sources */ = {isa = PBXBuildFile; fileRef = C013A2262BFB71AC00C71FB9 /* CartItem.swift */; };
		C013A2292BFB71DF00C71FB9 /* ProductViewModel.swift in Sources */ = {isa = PBXBuildFile; fileRef = C013A2282BFB71DF00C71FB9 /* ProductViewModel.swift */; };
		C013A22B2BFB71F600C71FB9 /* ProductCard.swift in Sources */ = {isa = PBXBuildFile; fileRef = C013A22A2BFB71F600C71FB9 /* ProductCard.swift */; };
		C013A22D2BFB721800C71FB9 /* HomeScreen.swift in Sources */ = {isa = PBXBuildFile; fileRef = C013A22C2BFB721800C71FB9 /* HomeScreen.swift */; };
		C013A22F2BFB722E00C71FB9 /* CartScreen.swift in Sources */ = {isa = PBXBuildFile; fileRef = C013A22E2BFB722E00C71FB9 /* CartScreen.swift */; };
		C013A2352BFB75C600C71FB9 /* FavoriteScreen.swift in Sources */ = {isa = PBXBuildFile; fileRef = C013A2342BFB75C600C71FB9 /* FavoriteScreen.swift */; };
		C08F3F562C03911000147069 /* CartViewModel.swift in Sources */ = {isa = PBXBuildFile; fileRef = C08F3F552C03911000147069 /* CartViewModel.swift */; };
		C08F3F592C03913300147069 /* ProductRepository.swift in Sources */ = {isa = PBXBuildFile; fileRef = C08F3F582C03913300147069 /* ProductRepository.swift */; };
		C08F3F5B2C03914500147069 /* CartRepository.swift in Sources */ = {isa = PBXBuildFile; fileRef = C08F3F5A2C03914500147069 /* CartRepository.swift */; };
		C08F3F5D2C0391CF00147069 /* Cart.swift in Sources */ = {isa = PBXBuildFile; fileRef = C08F3F5C2C0391CF00147069 /* Cart.swift */; };
		C08F3F602C03926600147069 /* CartService.swift in Sources */ = {isa = PBXBuildFile; fileRef = C08F3F5F2C03926600147069 /* CartService.swift */; };
		C08F3F622C03928500147069 /* ProductService.swift in Sources */ = {isa = PBXBuildFile; fileRef = C08F3F612C03928500147069 /* ProductService.swift */; };
		C08F3F642C04BC9000147069 /* MainTabBarController.swift in Sources */ = {isa = PBXBuildFile; fileRef = C08F3F632C04BC9000147069 /* MainTabBarController.swift */; };
/* End PBXBuildFile section */

/* Begin PBXFileReference section */
		C013A2102BFB708800C71FB9 /* ArbuzApp.app */ = {isa = PBXFileReference; explicitFileType = wrapper.application; includeInIndex = 0; path = ArbuzApp.app; sourceTree = BUILT_PRODUCTS_DIR; };
		C013A2132BFB708800C71FB9 /* ArbuzAppApp.swift */ = {isa = PBXFileReference; lastKnownFileType = sourcecode.swift; path = ArbuzAppApp.swift; sourceTree = "<group>"; };
		C013A2172BFB708900C71FB9 /* Assets.xcassets */ = {isa = PBXFileReference; lastKnownFileType = folder.assetcatalog; path = Assets.xcassets; sourceTree = "<group>"; };
		C013A21A2BFB708900C71FB9 /* Preview Assets.xcassets */ = {isa = PBXFileReference; lastKnownFileType = folder.assetcatalog; path = "Preview Assets.xcassets"; sourceTree = "<group>"; };
		C013A2242BFB718A00C71FB9 /* Product.swift */ = {isa = PBXFileReference; lastKnownFileType = sourcecode.swift; path = Product.swift; sourceTree = "<group>"; };
		C013A2262BFB71AC00C71FB9 /* CartItem.swift */ = {isa = PBXFileReference; lastKnownFileType = sourcecode.swift; path = CartItem.swift; sourceTree = "<group>"; };
		C013A2282BFB71DF00C71FB9 /* ProductViewModel.swift */ = {isa = PBXFileReference; lastKnownFileType = sourcecode.swift; path = ProductViewModel.swift; sourceTree = "<group>"; };
		C013A22A2BFB71F600C71FB9 /* ProductCard.swift */ = {isa = PBXFileReference; lastKnownFileType = sourcecode.swift; path = ProductCard.swift; sourceTree = "<group>"; };
		C013A22C2BFB721800C71FB9 /* HomeScreen.swift */ = {isa = PBXFileReference; lastKnownFileType = sourcecode.swift; path = HomeScreen.swift; sourceTree = "<group>"; };
		C013A22E2BFB722E00C71FB9 /* CartScreen.swift */ = {isa = PBXFileReference; lastKnownFileType = sourcecode.swift; path = CartScreen.swift; sourceTree = "<group>"; };
		C013A2342BFB75C600C71FB9 /* FavoriteScreen.swift */ = {isa = PBXFileReference; lastKnownFileType = sourcecode.swift; path = FavoriteScreen.swift; sourceTree = "<group>"; };
		C08F3F552C03911000147069 /* CartViewModel.swift */ = {isa = PBXFileReference; lastKnownFileType = sourcecode.swift; path = CartViewModel.swift; sourceTree = "<group>"; };
		C08F3F582C03913300147069 /* ProductRepository.swift */ = {isa = PBXFileReference; lastKnownFileType = sourcecode.swift; path = ProductRepository.swift; sourceTree = "<group>"; };
		C08F3F5A2C03914500147069 /* CartRepository.swift */ = {isa = PBXFileReference; lastKnownFileType = sourcecode.swift; path = CartRepository.swift; sourceTree = "<group>"; };
		C08F3F5C2C0391CF00147069 /* Cart.swift */ = {isa = PBXFileReference; lastKnownFileType = sourcecode.swift; path = Cart.swift; sourceTree = "<group>"; };
		C08F3F5F2C03926600147069 /* CartService.swift */ = {isa = PBXFileReference; lastKnownFileType = sourcecode.swift; path = CartService.swift; sourceTree = "<group>"; };
		C08F3F612C03928500147069 /* ProductService.swift */ = {isa = PBXFileReference; lastKnownFileType = sourcecode.swift; path = ProductService.swift; sourceTree = "<group>"; };
		C08F3F632C04BC9000147069 /* MainTabBarController.swift */ = {isa = PBXFileReference; lastKnownFileType = sourcecode.swift; path = MainTabBarController.swift; sourceTree = "<group>"; };
/* End PBXFileReference section */

/* Begin PBXFrameworksBuildPhase section */
		C013A20D2BFB708800C71FB9 /* Frameworks */ = {
			isa = PBXFrameworksBuildPhase;
			buildActionMask = 2147483647;
			files = (
			);
			runOnlyForDeploymentPostprocessing = 0;
		};
/* End PBXFrameworksBuildPhase section */

/* Begin PBXGroup section */
		C013A2072BFB708800C71FB9 = {
			isa = PBXGroup;
			children = (
				C013A2122BFB708800C71FB9 /* ArbuzApp */,
				C013A2112BFB708800C71FB9 /* Products */,
			);
			sourceTree = "<group>";
		};
		C013A2112BFB708800C71FB9 /* Products */ = {
			isa = PBXGroup;
			children = (
				C013A2102BFB708800C71FB9 /* ArbuzApp.app */,
			);
			name = Products;
			sourceTree = "<group>";
		};
		C013A2122BFB708800C71FB9 /* ArbuzApp */ = {
			isa = PBXGroup;
			children = (
				C08F3F572C03911800147069 /* Repositories */,
				C08F3F5E2C03925500147069 /* Services */,
				C013A2232BFB714A00C71FB9 /* ViewModels */,
				C013A2222BFB714000C71FB9 /* Models */,
				C013A2212BFB713500C71FB9 /* Views */,
				C013A2132BFB708800C71FB9 /* ArbuzAppApp.swift */,
				C013A2172BFB708900C71FB9 /* Assets.xcassets */,
				C013A2192BFB708900C71FB9 /* Preview Content */,
			);
			path = ArbuzApp;
			sourceTree = "<group>";
		};
		C013A2192BFB708900C71FB9 /* Preview Content */ = {
			isa = PBXGroup;
			children = (
				C013A21A2BFB708900C71FB9 /* Preview Assets.xcassets */,
			);
			path = "Preview Content";
			sourceTree = "<group>";
		};
		C013A2212BFB713500C71FB9 /* Views */ = {
			isa = PBXGroup;
			children = (
				C013A22C2BFB721800C71FB9 /* HomeScreen.swift */,
				C013A22E2BFB722E00C71FB9 /* CartScreen.swift */,
				C013A2342BFB75C600C71FB9 /* FavoriteScreen.swift */,
				C013A22A2BFB71F600C71FB9 /* ProductCard.swift */,
				C08F3F632C04BC9000147069 /* MainTabBarController.swift */,
			);
			path = Views;
			sourceTree = "<group>";
		};
		C013A2222BFB714000C71FB9 /* Models */ = {
			isa = PBXGroup;
			children = (
				C013A2242BFB718A00C71FB9 /* Product.swift */,
				C013A2262BFB71AC00C71FB9 /* CartItem.swift */,
				C08F3F5C2C0391CF00147069 /* Cart.swift */,
			);
			path = Models;
			sourceTree = "<group>";
		};
		C013A2232BFB714A00C71FB9 /* ViewModels */ = {
			isa = PBXGroup;
			children = (
				C013A2282BFB71DF00C71FB9 /* ProductViewModel.swift */,
				C08F3F552C03911000147069 /* CartViewModel.swift */,
			);
			path = ViewModels;
			sourceTree = "<group>";
		};
		C08F3F572C03911800147069 /* Repositories */ = {
			isa = PBXGroup;
			children = (
				C08F3F582C03913300147069 /* ProductRepository.swift */,
				C08F3F5A2C03914500147069 /* CartRepository.swift */,
			);
			path = Repositories;
			sourceTree = "<group>";
		};
		C08F3F5E2C03925500147069 /* Services */ = {
			isa = PBXGroup;
			children = (
				C08F3F5F2C03926600147069 /* CartService.swift */,
				C08F3F612C03928500147069 /* ProductService.swift */,
			);
			path = Services;
			sourceTree = "<group>";
		};
/* End PBXGroup section */

/* Begin PBXNativeTarget section */
		C013A20F2BFB708800C71FB9 /* ArbuzApp */ = {
			isa = PBXNativeTarget;
			buildConfigurationList = C013A21E2BFB708900C71FB9 /* Build configuration list for PBXNativeTarget "ArbuzApp" */;
			buildPhases = (
				C013A20C2BFB708800C71FB9 /* Sources */,
				C013A20D2BFB708800C71FB9 /* Frameworks */,
				C013A20E2BFB708800C71FB9 /* Resources */,
			);
			buildRules = (
			);
			dependencies = (
			);
			name = ArbuzApp;
			productName = ArbuzApp;
			productReference = C013A2102BFB708800C71FB9 /* ArbuzApp.app */;
			productType = "com.apple.product-type.application";
		};
/* End PBXNativeTarget section */

/* Begin PBXProject section */
		C013A2082BFB708800C71FB9 /* Project object */ = {
			isa = PBXProject;
			attributes = {
				BuildIndependentTargetsInParallel = 1;
				LastSwiftUpdateCheck = 1500;
				LastUpgradeCheck = 1500;
				TargetAttributes = {
					C013A20F2BFB708800C71FB9 = {
						CreatedOnToolsVersion = 15.0;
					};
				};
			};
			buildConfigurationList = C013A20B2BFB708800C71FB9 /* Build configuration list for PBXProject "ArbuzApp" */;
			compatibilityVersion = "Xcode 14.0";
			developmentRegion = en;
			hasScannedForEncodings = 0;
			knownRegions = (
				en,
				Base,
			);
			mainGroup = C013A2072BFB708800C71FB9;
			productRefGroup = C013A2112BFB708800C71FB9 /* Products */;
			projectDirPath = "";
			projectRoot = "";
			targets = (
				C013A20F2BFB708800C71FB9 /* ArbuzApp */,
			);
		};
/* End PBXProject section */

/* Begin PBXResourcesBuildPhase section */
		C013A20E2BFB708800C71FB9 /* Resources */ = {
			isa = PBXResourcesBuildPhase;
			buildActionMask = 2147483647;
			files = (
				C013A21B2BFB708900C71FB9 /* Preview Assets.xcassets in Resources */,
				C013A2182BFB708900C71FB9 /* Assets.xcassets in Resources */,
			);
			runOnlyForDeploymentPostprocessing = 0;
		};
/* End PBXResourcesBuildPhase section */

/* Begin PBXSourcesBuildPhase section */
		C013A20C2BFB708800C71FB9 /* Sources */ = {
			isa = PBXSourcesBuildPhase;
			buildActionMask = 2147483647;
			files = (
				C08F3F592C03913300147069 /* ProductRepository.swift in Sources */,
				C08F3F5B2C03914500147069 /* CartRepository.swift in Sources */,
				C08F3F562C03911000147069 /* CartViewModel.swift in Sources */,
				C013A2142BFB708800C71FB9 /* ArbuzAppApp.swift in Sources */,
				C013A22D2BFB721800C71FB9 /* HomeScreen.swift in Sources */,
				C013A2272BFB71AC00C71FB9 /* CartItem.swift in Sources */,
				C08F3F622C03928500147069 /* ProductService.swift in Sources */,
				C013A2352BFB75C600C71FB9 /* FavoriteScreen.swift in Sources */,
				C08F3F5D2C0391CF00147069 /* Cart.swift in Sources */,
				C013A2252BFB718A00C71FB9 /* Product.swift in Sources */,
				C08F3F642C04BC9000147069 /* MainTabBarController.swift in Sources */,
				C013A22F2BFB722E00C71FB9 /* CartScreen.swift in Sources */,
				C08F3F602C03926600147069 /* CartService.swift in Sources */,
				C013A2292BFB71DF00C71FB9 /* ProductViewModel.swift in Sources */,
				C013A22B2BFB71F600C71FB9 /* ProductCard.swift in Sources */,
			);
			runOnlyForDeploymentPostprocessing = 0;
		};
/* End PBXSourcesBuildPhase section */

/* Begin XCBuildConfiguration section */
		C013A21C2BFB708900C71FB9 /* Debug */ = {
			isa = XCBuildConfiguration;
			buildSettings = {
				ALWAYS_SEARCH_USER_PATHS = NO;
				ASSETCATALOG_COMPILER_GENERATE_SWIFT_ASSET_SYMBOL_EXTENSIONS = YES;
				CLANG_ANALYZER_NONNULL = YES;
				CLANG_ANALYZER_NUMBER_OBJECT_CONVERSION = YES_AGGRESSIVE;
				CLANG_CXX_LANGUAGE_STANDARD = "gnu++20";
				CLANG_ENABLE_MODULES = YES;
				CLANG_ENABLE_OBJC_ARC = YES;
				CLANG_ENABLE_OBJC_WEAK = YES;
				CLANG_WARN_BLOCK_CAPTURE_AUTORELEASING = YES;
				CLANG_WARN_BOOL_CONVERSION = YES;
				CLANG_WARN_COMMA = YES;
				CLANG_WARN_CONSTANT_CONVERSION = YES;
				CLANG_WARN_DEPRECATED_OBJC_IMPLEMENTATIONS = YES;
				CLANG_WARN_DIRECT_OBJC_ISA_USAGE = YES_ERROR;
				CLANG_WARN_DOCUMENTATION_COMMENTS = YES;
				CLANG_WARN_EMPTY_BODY = YES;
				CLANG_WARN_ENUM_CONVERSION = YES;
				CLANG_WARN_INFINITE_RECURSION = YES;
				CLANG_WARN_INT_CONVERSION = YES;
				CLANG_WARN_NON_LITERAL_NULL_CONVERSION = YES;
				CLANG_WARN_OBJC_IMPLICIT_RETAIN_SELF = YES;
				CLANG_WARN_OBJC_LITERAL_CONVERSION = YES;
				CLANG_WARN_OBJC_ROOT_CLASS = YES_ERROR;
				CLANG_WARN_QUOTED_INCLUDE_IN_FRAMEWORK_HEADER = YES;
				CLANG_WARN_RANGE_LOOP_ANALYSIS = YES;
				CLANG_WARN_STRICT_PROTOTYPES = YES;
				CLANG_WARN_SUSPICIOUS_MOVE = YES;
				CLANG_WARN_UNGUARDED_AVAILABILITY = YES_AGGRESSIVE;
				CLANG_WARN_UNREACHABLE_CODE = YES;
				CLANG_WARN__DUPLICATE_METHOD_MATCH = YES;
				COPY_PHASE_STRIP = NO;
				DEBUG_INFORMATION_FORMAT = dwarf;
				ENABLE_STRICT_OBJC_MSGSEND = YES;
				ENABLE_TESTABILITY = YES;
				ENABLE_USER_SCRIPT_SANDBOXING = YES;
				GCC_C_LANGUAGE_STANDARD = gnu17;
				GCC_DYNAMIC_NO_PIC = NO;
				GCC_NO_COMMON_BLOCKS = YES;
				GCC_OPTIMIZATION_LEVEL = 0;
				GCC_PREPROCESSOR_DEFINITIONS = (
					"DEBUG=1",
					"$(inherited)",
				);
				GCC_WARN_64_TO_32_BIT_CONVERSION = YES;
				GCC_WARN_ABOUT_RETURN_TYPE = YES_ERROR;
				GCC_WARN_UNDECLARED_SELECTOR = YES;
				GCC_WARN_UNINITIALIZED_AUTOS = YES_AGGRESSIVE;
				GCC_WARN_UNUSED_FUNCTION = YES;
				GCC_WARN_UNUSED_VARIABLE = YES;
				IPHONEOS_DEPLOYMENT_TARGET = 17.0;
				LOCALIZATION_PREFERS_STRING_CATALOGS = YES;
				MTL_ENABLE_DEBUG_INFO = INCLUDE_SOURCE;
				MTL_FAST_MATH = YES;
				ONLY_ACTIVE_ARCH = YES;
				SDKROOT = iphoneos;
				SWIFT_ACTIVE_COMPILATION_CONDITIONS = "DEBUG $(inherited)";
				SWIFT_OPTIMIZATION_LEVEL = "-Onone";
			};
			name = Debug;
		};
		C013A21D2BFB708900C71FB9 /* Release */ = {
			isa = XCBuildConfiguration;
			buildSettings = {
				ALWAYS_SEARCH_USER_PATHS = NO;
				ASSETCATALOG_COMPILER_GENERATE_SWIFT_ASSET_SYMBOL_EXTENSIONS = YES;
				CLANG_ANALYZER_NONNULL = YES;
				CLANG_ANALYZER_NUMBER_OBJECT_CONVERSION = YES_AGGRESSIVE;
				CLANG_CXX_LANGUAGE_STANDARD = "gnu++20";
				CLANG_ENABLE_MODULES = YES;
				CLANG_ENABLE_OBJC_ARC = YES;
				CLANG_ENABLE_OBJC_WEAK = YES;
				CLANG_WARN_BLOCK_CAPTURE_AUTORELEASING = YES;
				CLANG_WARN_BOOL_CONVERSION = YES;
				CLANG_WARN_COMMA = YES;
				CLANG_WARN_CONSTANT_CONVERSION = YES;
				CLANG_WARN_DEPRECATED_OBJC_IMPLEMENTATIONS = YES;
				CLANG_WARN_DIRECT_OBJC_ISA_USAGE = YES_ERROR;
				CLANG_WARN_DOCUMENTATION_COMMENTS = YES;
				CLANG_WARN_EMPTY_BODY = YES;
				CLANG_WARN_ENUM_CONVERSION = YES;
				CLANG_WARN_INFINITE_RECURSION = YES;
				CLANG_WARN_INT_CONVERSION = YES;
				CLANG_WARN_NON_LITERAL_NULL_CONVERSION = YES;
				CLANG_WARN_OBJC_IMPLICIT_RETAIN_SELF = YES;
				CLANG_WARN_OBJC_LITERAL_CONVERSION = YES;
				CLANG_WARN_OBJC_ROOT_CLASS = YES_ERROR;
				CLANG_WARN_QUOTED_INCLUDE_IN_FRAMEWORK_HEADER = YES;
				CLANG_WARN_RANGE_LOOP_ANALYSIS = YES;
				CLANG_WARN_STRICT_PROTOTYPES = YES;
				CLANG_WARN_SUSPICIOUS_MOVE = YES;
				CLANG_WARN_UNGUARDED_AVAILABILITY = YES_AGGRESSIVE;
				CLANG_WARN_UNREACHABLE_CODE = YES;
				CLANG_WARN__DUPLICATE_METHOD_MATCH = YES;
				COPY_PHASE_STRIP = NO;
				DEBUG_INFORMATION_FORMAT = "dwarf-with-dsym";
				ENABLE_NS_ASSERTIONS = NO;
				ENABLE_STRICT_OBJC_MSGSEND = YES;
				ENABLE_USER_SCRIPT_SANDBOXING = YES;
				GCC_C_LANGUAGE_STANDARD = gnu17;
				GCC_NO_COMMON_BLOCKS = YES;
				GCC_WARN_64_TO_32_BIT_CONVERSION = YES;
				GCC_WARN_ABOUT_RETURN_TYPE = YES_ERROR;
				GCC_WARN_UNDECLARED_SELECTOR = YES;
				GCC_WARN_UNINITIALIZED_AUTOS = YES_AGGRESSIVE;
				GCC_WARN_UNUSED_FUNCTION = YES;
				GCC_WARN_UNUSED_VARIABLE = YES;
				IPHONEOS_DEPLOYMENT_TARGET = 17.0;
				LOCALIZATION_PREFERS_STRING_CATALOGS = YES;
				MTL_ENABLE_DEBUG_INFO = NO;
				MTL_FAST_MATH = YES;
				SDKROOT = iphoneos;
				SWIFT_COMPILATION_MODE = wholemodule;
				VALIDATE_PRODUCT = YES;
			};
			name = Release;
		};
		C013A21F2BFB708900C71FB9 /* Debug */ = {
			isa = XCBuildConfiguration;
			buildSettings = {
				ASSETCATALOG_COMPILER_APPICON_NAME = AppIcon;
				ASSETCATALOG_COMPILER_GLOBAL_ACCENT_COLOR_NAME = AccentColor;
				CODE_SIGN_STYLE = Automatic;
				CURRENT_PROJECT_VERSION = 1;
				DEVELOPMENT_ASSET_PATHS = "\"ArbuzApp/Preview Content\"";
				DEVELOPMENT_TEAM = HFN62W75MX;
				ENABLE_PREVIEWS = YES;
				GENERATE_INFOPLIST_FILE = YES;
				INFOPLIST_KEY_UIApplicationSceneManifest_Generation = YES;
				INFOPLIST_KEY_UIApplicationSupportsIndirectInputEvents = YES;
				INFOPLIST_KEY_UILaunchScreen_Generation = YES;
				INFOPLIST_KEY_UISupportedInterfaceOrientations_iPad = "UIInterfaceOrientationPortrait UIInterfaceOrientationPortraitUpsideDown UIInterfaceOrientationLandscapeLeft UIInterfaceOrientationLandscapeRight";
				INFOPLIST_KEY_UISupportedInterfaceOrientations_iPhone = "UIInterfaceOrientationPortrait UIInterfaceOrientationLandscapeLeft UIInterfaceOrientationLandscapeRight";
				IPHONEOS_DEPLOYMENT_TARGET = 14.0;
				LD_RUNPATH_SEARCH_PATHS = (
					"$(inherited)",
					"@executable_path/Frameworks",
				);
				MARKETING_VERSION = 1.0;
				PRODUCT_BUNDLE_IDENTIFIER = Sabir.ArbuzApp;
				PRODUCT_NAME = "$(TARGET_NAME)";
				SWIFT_EMIT_LOC_STRINGS = YES;
				SWIFT_VERSION = 5.0;
				TARGETED_DEVICE_FAMILY = "1,2";
			};
			name = Debug;
		};
		C013A2202BFB708900C71FB9 /* Release */ = {
			isa = XCBuildConfiguration;
			buildSettings = {
				ASSETCATALOG_COMPILER_APPICON_NAME = AppIcon;
				ASSETCATALOG_COMPILER_GLOBAL_ACCENT_COLOR_NAME = AccentColor;
				CODE_SIGN_STYLE = Automatic;
				CURRENT_PROJECT_VERSION = 1;
				DEVELOPMENT_ASSET_PATHS = "\"ArbuzApp/Preview Content\"";
				DEVELOPMENT_TEAM = HFN62W75MX;
				ENABLE_PREVIEWS = YES;
				GENERATE_INFOPLIST_FILE = YES;
				INFOPLIST_KEY_UIApplicationSceneManifest_Generation = YES;
				INFOPLIST_KEY_UIApplicationSupportsIndirectInputEvents = YES;
				INFOPLIST_KEY_UILaunchScreen_Generation = YES;
				INFOPLIST_KEY_UISupportedInterfaceOrientations_iPad = "UIInterfaceOrientationPortrait UIInterfaceOrientationPortraitUpsideDown UIInterfaceOrientationLandscapeLeft UIInterfaceOrientationLandscapeRight";
				INFOPLIST_KEY_UISupportedInterfaceOrientations_iPhone = "UIInterfaceOrientationPortrait UIInterfaceOrientationLandscapeLeft UIInterfaceOrientationLandscapeRight";
				IPHONEOS_DEPLOYMENT_TARGET = 14.0;
				LD_RUNPATH_SEARCH_PATHS = (
					"$(inherited)",
					"@executable_path/Frameworks",
				);
				MARKETING_VERSION = 1.0;
				PRODUCT_BUNDLE_IDENTIFIER = Sabir.ArbuzApp;
				PRODUCT_NAME = "$(TARGET_NAME)";
				SWIFT_EMIT_LOC_STRINGS = YES;
				SWIFT_VERSION = 5.0;
				TARGETED_DEVICE_FAMILY = "1,2";
			};
			name = Release;
		};
/* End XCBuildConfiguration section */

/* Begin XCConfigurationList section */
		C013A20B2BFB708800C71FB9 /* Build configuration list for PBXProject "ArbuzApp" */ = {
			isa = XCConfigurationList;
			buildConfigurations = (
				C013A21C2BFB708900C71FB9 /* Debug */,
				C013A21D2BFB708900C71FB9 /* Release */,
			);
			defaultConfigurationIsVisible = 0;
			defaultConfigurationName = Release;
		};
		C013A21E2BFB708900C71FB9 /* Build configuration list for PBXNativeTarget "ArbuzApp" */ = {
			isa = XCConfigurationList;
			buildConfigurations = (
				C013A21F2BFB708900C71FB9 /* Debug */,
				C013A2202BFB708900C71FB9 /* Release */,
			);
			defaultConfigurationIsVisible = 0;
			defaultConfigurationName = Release;
		};
/* End XCConfigurationList section */
	};
	rootObject = C013A2082BFB708800C71FB9 /* Project object */;
}
